<?xml version="1.0" encoding="utf-8"?>
<Project ToolsVersion="4.0" xmlns="http://schemas.microsoft.com/developer/msbuild/2003">
  <ItemGroup>
    <Filter Include="Source Files">
      <UniqueIdentifier>{4FC737F1-C7A5-4376-A066-2A32D752A2FF}</UniqueIdentifier>
      <Extensions>cpp;c;cc;cxx;c++;cppm;ixx;def;odl;idl;hpj;bat;asm;asmx</Extensions>
    </Filter>
    <Filter Include="Header Files">
      <UniqueIdentifier>{93995380-89BD-4b04-88EB-625FBE52EBFB}</UniqueIdentifier>
      <Extensions>h;hh;hpp;hxx;h++;hm;inl;inc;ipp;xsd</Extensions>
    </Filter>
    <Filter Include="Resource Files">
      <UniqueIdentifier>{67DA6AB6-F800-4c08-8B7A-83BB121AAD01}</UniqueIdentifier>
      <Extensions>rc;ico;cur;bmp;dlg;rc2;rct;bin;rgs;gif;jpg;jpeg;jpe;resx;tiff;tif;png;wav;mfcribbon-ms</Extensions>
    </Filter>
    <Filter Include="Header Files\Exceptions">
      <UniqueIdentifier>{f3bb46a5-6bbf-4ab7-a79a-250f636be006}</UniqueIdentifier>
    </Filter>
    <Filter Include="Header Files\Handlers">
      <UniqueIdentifier>{966c912c-1dce-4d1a-8de3-6be9126e643e}</UniqueIdentifier>
    </Filter>
    <Filter Include="Source Files\Handlers">
      <UniqueIdentifier>{a864a79b-d7fa-481c-968f-04f3b9596147}</UniqueIdentifier>
    </Filter>
    <Filter Include="Header Files\Operators">
      <UniqueIdentifier>{f9e5156c-afed-4db0-8d71-efc4693d9930}</UniqueIdentifier>
    </Filter>
    <Filter Include="Source Files\Operators">
      <UniqueIdentifier>{283ddf95-ceb9-44fa-8a83-849bc17a6b79}</UniqueIdentifier>
    </Filter>
    <Filter Include="Expressions">
      <UniqueIdentifier>{7f958a9d-c9ef-4960-9131-abaf149c5f5a}</UniqueIdentifier>
    </Filter>
    <Filter Include="Source Files\Expressions">
      <UniqueIdentifier>{6a6332ad-154c-4c8f-b85b-fddd6000d371}</UniqueIdentifier>
    </Filter>
    <Filter Include="Source Files\Values">
      <UniqueIdentifier>{56ecf7e3-26d7-4c12-9cf8-ae0533606e46}</UniqueIdentifier>
    </Filter>
    <Filter Include="Header Files\Values">
      <UniqueIdentifier>{648d173c-9a47-4d31-ba65-0ed93183947a}</UniqueIdentifier>
    </Filter>
  </ItemGroup>
  <ItemGroup>
    <ClCompile Include="Source.cpp">
      <Filter>Source Files</Filter>
    </ClCompile>
    <ClCompile Include="Utilities.cpp">
      <Filter>Source Files</Filter>
    </ClCompile>
    <ClCompile Include="CommandHandler.cpp">
      <Filter>Source Files\Handlers</Filter>
    </ClCompile>
    <ClCompile Include="ExpressionHandler.cpp">
      <Filter>Source Files\Handlers</Filter>
    </ClCompile>
    <ClCompile Include="Variable.cpp">
      <Filter>Source Files\Expressions</Filter>
    </ClCompile>
    <ClCompile Include="VariableHandler.cpp">
      <Filter>Source Files\Handlers</Filter>
    </ClCompile>
    <ClCompile Include="AssignmentOperator.cpp">
      <Filter>Source Files\Operators</Filter>
    </ClCompile>
    <ClCompile Include="OperatorHandler.cpp">
      <Filter>Source Files\Handlers</Filter>
    </ClCompile>
    <ClCompile Include="Operator.cpp">
      <Filter>Source Files\Operators</Filter>
    </ClCompile>
    <ClCompile Include="Integer.cpp">
      <Filter>Source Files\Values</Filter>
    </ClCompile>
    <ClCompile Include="Boolean.cpp">
      <Filter>Source Files\Values</Filter>
    </ClCompile>
    <ClCompile Include="Float.cpp">
      <Filter>Source Files\Values</Filter>
    </ClCompile>
    <ClCompile Include="String.cpp">
      <Filter>Source Files\Values</Filter>
    </ClCompile>
    <ClCompile Include="IValue.cpp">
      <Filter>Source Files\Values</Filter>
    </ClCompile>
    <ClCompile Include="PlusOperator.cpp">
      <Filter>Source Files\Operators</Filter>
    </ClCompile>
    <ClCompile Include="ValueHandler.cpp">
      <Filter>Source Files\Handlers</Filter>
    </ClCompile>
    <ClCompile Include="None.cpp">
      <Filter>Source Files\Values</Filter>
    </ClCompile>
    <ClCompile Include="MinusOperator.cpp">
      <Filter>Source Files\Operators</Filter>
    </ClCompile>
  </ItemGroup>
  <ItemGroup>
    <ClInclude Include="InvalidCommand.h">
      <Filter>Header Files\Exceptions</Filter>
    </ClInclude>
    <ClInclude Include="Utilities.h">
      <Filter>Header Files</Filter>
    </ClInclude>
    <ClInclude Include="InvalidArgument.h">
      <Filter>Header Files\Exceptions</Filter>
    </ClInclude>
    <ClInclude Include="CommandHandler.h">
      <Filter>Header Files\Handlers</Filter>
    </ClInclude>
    <ClInclude Include="ExpressionHandler.h">
      <Filter>Header Files\Handlers</Filter>
    </ClInclude>
    <ClInclude Include="Operator.h">
      <Filter>Header Files\Operators</Filter>
    </ClInclude>
    <ClInclude Include="Variable.h">
      <Filter>Expressions</Filter>
    </ClInclude>
    <ClInclude Include="ExpressionType.h">
      <Filter>Expressions</Filter>
    </ClInclude>
    <ClInclude Include="VariableHandler.h">
      <Filter>Header Files\Handlers</Filter>
    </ClInclude>
    <ClInclude Include="AssignmentOperator.h">
      <Filter>Header Files\Operators</Filter>
    </ClInclude>
    <ClInclude Include="OperatorHandler.h">
      <Filter>Header Files\Handlers</Filter>
    </ClInclude>
    <ClInclude Include="PlusOperator.h">
      <Filter>Header Files\Operators</Filter>
    </ClInclude>
    <ClInclude Include="InvalidCast.h">
      <Filter>Header Files\Exceptions</Filter>
    </ClInclude>
    <ClInclude Include="IValue.h">
      <Filter>Header Files\Values</Filter>
    </ClInclude>
    <ClInclude Include="Integer.h">
      <Filter>Header Files\Values</Filter>
    </ClInclude>
    <ClInclude Include="ValueType.h">
      <Filter>Header Files\Values</Filter>
    </ClInclude>
    <ClInclude Include="Boolean.h">
      <Filter>Header Files\Values</Filter>
    </ClInclude>
    <ClInclude Include="Float.h">
      <Filter>Header Files\Values</Filter>
    </ClInclude>
    <ClInclude Include="String.h">
      <Filter>Header Files\Values</Filter>
    </ClInclude>
    <ClInclude Include="ValueHandler.h">
      <Filter>Header Files\Handlers</Filter>
    </ClInclude>
    <ClInclude Include="None.h">
      <Filter>Header Files\Values</Filter>
    </ClInclude>
    <ClInclude Include="MinusOperator.h">
      <Filter>Header Files\Operators</Filter>
    </ClInclude>
  </ItemGroup>
</Project>